# This file is autogenerated, do not edit; changes may be undone by the next 'dep ensure'.


[[projects]]
  name = "github.com/ossrs/go-oryx-lib"
  packages = ["errors","http","logger"]
  revision = "223f7f8586fd18a400248500fd6aabcd7abeb5fb"
  version = "v0.0.4"

[solve-meta]
  analyzer-name = "dep"
  analyzer-version = 1
  inputs-digest = "1b5f597063b1848df8325d813256856b279187d1b1687e4a4ef8f1a6ccc5fbf1"
  solver-name = "gps-cdcl"
  solver-version = 1
